
Microsoft Visual Studio Solution File, Format Version 12.00
# Visual Studio Version 17
VisualStudioVersion = 17.14.36915.13 d17.14
MinimumVisualStudioVersion = 10.0.40219.1
Project("{8BC9CEB8-8B4A-11D0-8D11-00A0C91BC942}") = "helloWorld", "helloWorld.vcxproj", "{322D3B91-4260-404B-A419-A1A7B7432F32}"
EndProject
Global
	GlobalSection(SolutionConfigurationPlatforms) = preSolution
		Debug|x64 = Debug|x64
		Debug|x86 = Debug|x86
		Release|x64 = Release|x64
		Release|x86 = Release|x86
	EndGlobalSection
	GlobalSection(ProjectConfigurationPlatforms) = postSolution
		{322D3B91-4260-404B-A419-A1A7B7432F32}.Debug|x64.ActiveCfg = Debug|x64
		{322D3B91-4260-404B-A419-A1A7B7432F32}.Debug|x64.Build.0 = Debug|x64
		{322D3B91-4260-404B-A419-A1A7B7432F32}.Debug|x86.ActiveCfg = Debug|Win32
		{322D3B91-4260-404B-A419-A1A7B7432F32}.Debug|x86.Build.0 = Debug|Win32
		{322D3B91-4260-404B-A419-A1A7B7432F32}.Release|x64.ActiveCfg = Release|x64
		{322D3B91-4260-404B-A419-A1A7B7432F32}.Release|x64.Build.0 = Release|x64
		{322D3B91-4260-404B-A419-A1A7B7432F32}.Release|x86.ActiveCfg = Release|Win32
		{322D3B91-4260-404B-A419-A1A7B7432F32}.Release|x86.Build.0 = Release|Win32
	EndGlobalSection
	GlobalSection(SolutionProperties) = preSolution
		HideSolutionNode = FALSE
	EndGlobalSection
	GlobalSection(ExtensibilityGlobals) = postSolution
		SolutionGuid = {34CEC863-746F-4F76-95DB-4978E54F613F}
	EndGlobalSection
EndGlobal
